
Microsoft Visual Studio Solution File, Format Version 12.00
Project("{FAE04EC0-301F-11D3-BF4B-00C04F79EFBC}") = "Middleware", "Middleware\Middleware.csproj", "{699EF50D-A2C9-4FE2-A883-6751BC94E029}"
EndProject
Global
	GlobalSection(SolutionConfigurationPlatforms) = preSolution
		Debug|Any CPU = Debug|Any CPU
		Release|Any CPU = Release|Any CPU
	EndGlobalSection
	GlobalSection(ProjectConfigurationPlatforms) = postSolution
		{699EF50D-A2C9-4FE2-A883-6751BC94E029}.Debug|Any CPU.ActiveCfg = Debug|Any CPU
		{699EF50D-A2C9-4FE2-A883-6751BC94E029}.Debug|Any CPU.Build.0 = Debug|Any CPU
		{699EF50D-A2C9-4FE2-A883-6751BC94E029}.Release|Any CPU.ActiveCfg = Release|Any CPU
		{699EF50D-A2C9-4FE2-A883-6751BC94E029}.Release|Any CPU.Build.0 = Release|Any CPU
	EndGlobalSection
EndGlobal
